
Microsoft Visual Studio Solution File, Format Version 12.00
# Visual Studio Version 16
VisualStudioVersion = 16.0.30225.117
MinimumVisualStudioVersion = 10.0.40219.1
Project("{FAE04EC0-301F-11D3-BF4B-00C04F79EFBC}") = "Dados do cliente", "Dados do cliente\Dados do cliente.csproj", "{86FA2081-B31E-4539-8FBE-D90158253954}"
EndProject
Global
	GlobalSection(SolutionConfigurationPlatforms) = preSolution
		Debug|Any CPU = Debug|Any CPU
		Release|Any CPU = Release|Any CPU
	EndGlobalSection
	GlobalSection(ProjectConfigurationPlatforms) = postSolution
		{86FA2081-B31E-4539-8FBE-D90158253954}.Debug|Any CPU.ActiveCfg = Debug|Any CPU
		{86FA2081-B31E-4539-8FBE-D90158253954}.Debug|Any CPU.Build.0 = Debug|Any CPU
		{86FA2081-B31E-4539-8FBE-D90158253954}.Release|Any CPU.ActiveCfg = Release|Any CPU
		{86FA2081-B31E-4539-8FBE-D90158253954}.Release|Any CPU.Build.0 = Release|Any CPU
	EndGlobalSection
	GlobalSection(SolutionProperties) = preSolution
		HideSolutionNode = FALSE
	EndGlobalSection
	GlobalSection(ExtensibilityGlobals) = postSolution
		SolutionGuid = {617FC860-BFE5-48AC-8397-4FA89A98C727}
	EndGlobalSection
EndGlobal
